
Microsoft Visual Studio Solution File, Format Version 12.00
# Visual Studio 15
VisualStudioVersion = 15.0.28307.421
MinimumVisualStudioVersion = 10.0.40219.1
Project("{FAE04EC0-301F-11D3-BF4B-00C04F79EFBC}") = "PasswordValidator", "PasswordValidator\PasswordValidator.csproj", "{42EBCC38-2EBC-46B7-9732-3A709FC68C9B}"
EndProject
Project("{FAE04EC0-301F-11D3-BF4B-00C04F79EFBC}") = "PasswordValidator.Tests", "PasswordValidator.Tests\PasswordValidator.Tests.csproj", "{1E38231D-30D4-4325-83AD-2EFD5E04E145}"
EndProject
Global
	GlobalSection(SolutionConfigurationPlatforms) = preSolution
		Debug|Any CPU = Debug|Any CPU
		Release|Any CPU = Release|Any CPU
	EndGlobalSection
	GlobalSection(ProjectConfigurationPlatforms) = postSolution
		{42EBCC38-2EBC-46B7-9732-3A709FC68C9B}.Debug|Any CPU.ActiveCfg = Debug|Any CPU
		{42EBCC38-2EBC-46B7-9732-3A709FC68C9B}.Debug|Any CPU.Build.0 = Debug|Any CPU
		{42EBCC38-2EBC-46B7-9732-3A709FC68C9B}.Release|Any CPU.ActiveCfg = Release|Any CPU
		{42EBCC38-2EBC-46B7-9732-3A709FC68C9B}.Release|Any CPU.Build.0 = Release|Any CPU
		{1E38231D-30D4-4325-83AD-2EFD5E04E145}.Debug|Any CPU.ActiveCfg = Debug|Any CPU
		{1E38231D-30D4-4325-83AD-2EFD5E04E145}.Debug|Any CPU.Build.0 = Debug|Any CPU
		{1E38231D-30D4-4325-83AD-2EFD5E04E145}.Release|Any CPU.ActiveCfg = Release|Any CPU
		{1E38231D-30D4-4325-83AD-2EFD5E04E145}.Release|Any CPU.Build.0 = Release|Any CPU
	EndGlobalSection
	GlobalSection(SolutionProperties) = preSolution
		HideSolutionNode = FALSE
	EndGlobalSection
	GlobalSection(ExtensibilityGlobals) = postSolution
		SolutionGuid = {31B1573D-415A-454C-8AB3-DF08B2B1D307}
	EndGlobalSection
EndGlobal
